PODS:
  - KSToolsGroup (0.1.14):
    - MJRefresh
  - MJRefresh (3.1.16)

DEPENDENCIES:
  - KSToolsGroup (from `../`)

SPEC REPOS:
  https://github.com/cocoapods/specs.git:
    - MJRefresh

EXTERNAL SOURCES:
  KSToolsGroup:
    :path: "../"

SPEC CHECKSUMS:
  KSToolsGroup: 7475b04764fd579c1bb6b21e018f601a3d370aff
  MJRefresh: 7798e16e53a5ef7f332dd05b27664db4e29530fd

PODFILE CHECKSUM: b61af095b1c8e237c023feeb0effbe51a3c7c2f4

COCOAPODS: 1.6.1
