PODS:
  - KSToolsGroup (0.1.13):
    - MJRefresh
  - MJRefresh (3.1.16)

DEPENDENCIES:
  - KSToolsGroup (from `../`)

SPEC REPOS:
  https://github.com/cocoapods/specs.git:
    - MJRefresh

EXTERNAL SOURCES:
  KSToolsGroup:
    :path: "../"

SPEC CHECKSUMS:
  KSToolsGroup: 11ed80631afbd635feb1c860d40fff25d573cb56
  MJRefresh: 7798e16e53a5ef7f332dd05b27664db4e29530fd

PODFILE CHECKSUM: b61af095b1c8e237c023feeb0effbe51a3c7c2f4

COCOAPODS: 1.6.1
